// !$*UTF8*$!
{
	archiveVersion = 1;
	classes = {
	};
	objectVersion = 48;
	objects = {

/* Begin PBXBuildFile section */
		1184E9982588CA3180827524 /* Pods_TestProject.framework in Frameworks */ = {isa = PBXBuildFile; fileRef = D88E4B992AB3E17501EE9131 /* Pods_TestProject.framework */; };
		336C7104F99BB73666769811 /* Pods_TestProjectTests.framework in Frameworks */ = {isa = PBXBuildFile; fileRef = FA0E96280A6B3A45C4FCCF77 /* Pods_TestProjectTests.framework */; };
		77BCA57A4659A59EB3B971E8 /* Pods_TestProjectUITests.framework in Frameworks */ = {isa = PBXBuildFile; fileRef = F054FC768E881B6CAD8C7BBA /* Pods_TestProjectUITests.framework */; };
		85335D5F21BB96F600BA1B16 /* AppDelegate.swift in Sources */ = {isa = PBXBuildFile; fileRef = 85335D5E21BB96F600BA1B16 /* AppDelegate.swift */; };
		85335D6421BB96F600BA1B16 /* Main.storyboard in Resources */ = {isa = PBXBuildFile; fileRef = 85335D6221BB96F600BA1B16 /* Main.storyboard */; };
		85335D6721BB96F600BA1B16 /* TestProject.xcdatamodeld in Sources */ = {isa = PBXBuildFile; fileRef = 85335D6521BB96F600BA1B16 /* TestProject.xcdatamodeld */; };
		85335D6921BB96F600BA1B16 /* Assets.xcassets in Resources */ = {isa = PBXBuildFile; fileRef = 85335D6821BB96F600BA1B16 /* Assets.xcassets */; };
		85335D6C21BB96F600BA1B16 /* LaunchScreen.storyboard in Resources */ = {isa = PBXBuildFile; fileRef = 85335D6A21BB96F600BA1B16 /* LaunchScreen.storyboard */; };
		85335D7721BB96F600BA1B16 /* TestProjectTests.swift in Sources */ = {isa = PBXBuildFile; fileRef = 85335D7621BB96F600BA1B16 /* TestProjectTests.swift */; };
		85335D8221BB96F600BA1B16 /* TestProjectUITests.swift in Sources */ = {isa = PBXBuildFile; fileRef = 85335D8121BB96F600BA1B16 /* TestProjectUITests.swift */; };
		85573D4021E0D6B600D7EC64 /* HomeScreenController.swift in Sources */ = {isa = PBXBuildFile; fileRef = 85573D3F21E0D6B600D7EC64 /* HomeScreenController.swift */; };
		85573D4421E0E1FF00D7EC64 /* HomeViewModel.swift in Sources */ = {isa = PBXBuildFile; fileRef = 85573D4321E0E1FF00D7EC64 /* HomeViewModel.swift */; };
		85573D4621E0E20B00D7EC64 /* HomeModel.swift in Sources */ = {isa = PBXBuildFile; fileRef = 85573D4521E0E20B00D7EC64 /* HomeModel.swift */; };
		85573D4821E0E7F200D7EC64 /* HomeCell1.swift in Sources */ = {isa = PBXBuildFile; fileRef = 85573D4721E0E7F200D7EC64 /* HomeCell1.swift */; };
		85573D4A21E10F5E00D7EC64 /* DetailViewController.swift in Sources */ = {isa = PBXBuildFile; fileRef = 85573D4921E10F5E00D7EC64 /* DetailViewController.swift */; };
		85573D4C21E11C1E00D7EC64 /* DetailCell.swift in Sources */ = {isa = PBXBuildFile; fileRef = 85573D4B21E11C1E00D7EC64 /* DetailCell.swift */; };
		85573D4E21E1224D00D7EC64 /* DetailViewModel.swift in Sources */ = {isa = PBXBuildFile; fileRef = 85573D4D21E1224D00D7EC64 /* DetailViewModel.swift */; };
		856FABE921E19DC1004A83BC /* Date+Functions.swift in Sources */ = {isa = PBXBuildFile; fileRef = 856FABE821E19DC1004A83BC /* Date+Functions.swift */; };
		856FABEB21E1B4F3004A83BC /* TrendsViewController.swift in Sources */ = {isa = PBXBuildFile; fileRef = 856FABEA21E1B4F3004A83BC /* TrendsViewController.swift */; };
		856FABED21E1B57B004A83BC /* TrendsViewModel.swift in Sources */ = {isa = PBXBuildFile; fileRef = 856FABEC21E1B57B004A83BC /* TrendsViewModel.swift */; };
		8595CCF121BBB2C700E907D5 /* DataBaseManager.swift in Sources */ = {isa = PBXBuildFile; fileRef = 8595CCF021BBB2C700E907D5 /* DataBaseManager.swift */; };
		85DC7B5E21E0BC4B00F60FE1 /* ArticleViewController.swift in Sources */ = {isa = PBXBuildFile; fileRef = 85DC7B5D21E0BC4B00F60FE1 /* ArticleViewController.swift */; };
		85DC7B6021E0BC6F00F60FE1 /* LoginViewController.swift in Sources */ = {isa = PBXBuildFile; fileRef = 85DC7B5F21E0BC6F00F60FE1 /* LoginViewController.swift */; };
		85DC7B6221E0BC8100F60FE1 /* RegisterViewController.swift in Sources */ = {isa = PBXBuildFile; fileRef = 85DC7B6121E0BC8100F60FE1 /* RegisterViewController.swift */; };
		85DC7B6421E0C83200F60FE1 /* Utility.swift in Sources */ = {isa = PBXBuildFile; fileRef = 85DC7B6321E0C83200F60FE1 /* Utility.swift */; };
		85DC7B6621E0C87F00F60FE1 /* String+Functions.swift in Sources */ = {isa = PBXBuildFile; fileRef = 85DC7B6521E0C87F00F60FE1 /* String+Functions.swift */; };
		85DC7B6821E0CFA600F60FE1 /* ForgotPasswordController.swift in Sources */ = {isa = PBXBuildFile; fileRef = 85DC7B6721E0CFA600F60FE1 /* ForgotPasswordController.swift */; };
		85F6F4B721BB9964007E4E0B /* ApiManager.swift in Sources */ = {isa = PBXBuildFile; fileRef = 85F6F4B621BB9964007E4E0B /* ApiManager.swift */; };
		85F6F4BA21BB9996007E4E0B /* SCError.swift in Sources */ = {isa = PBXBuildFile; fileRef = 85F6F4B921BB9996007E4E0B /* SCError.swift */; };
		85F6F4BD21BB99D6007E4E0B /* Constant.swift in Sources */ = {isa = PBXBuildFile; fileRef = 85F6F4BC21BB99D6007E4E0B /* Constant.swift */; };
		85F6F4C021BB9A9C007E4E0B /* ArticleCell.swift in Sources */ = {isa = PBXBuildFile; fileRef = 85F6F4BF21BB9A9C007E4E0B /* ArticleCell.swift */; };
		85F6F4C221BB9AE0007E4E0B /* ArticleModel.swift in Sources */ = {isa = PBXBuildFile; fileRef = 85F6F4C121BB9AE0007E4E0B /* ArticleModel.swift */; };
		85F6F4C521BB9B09007E4E0B /* ArticleViewModel.swift in Sources */ = {isa = PBXBuildFile; fileRef = 85F6F4C421BB9B09007E4E0B /* ArticleViewModel.swift */; };
		85F6F4C821BB9F6F007E4E0B /* UIViewController+Functions.swift in Sources */ = {isa = PBXBuildFile; fileRef = 85F6F4C721BB9F6F007E4E0B /* UIViewController+Functions.swift */; };
/* End PBXBuildFile section */

/* Begin PBXContainerItemProxy section */
		85335D7321BB96F600BA1B16 /* PBXContainerItemProxy */ = {
			isa = PBXContainerItemProxy;
			containerPortal = 85335D5321BB96F600BA1B16 /* Project object */;
			proxyType = 1;
			remoteGlobalIDString = 85335D5A21BB96F600BA1B16;
			remoteInfo = TestProject;
		};
		85335D7E21BB96F600BA1B16 /* PBXContainerItemProxy */ = {
			isa = PBXContainerItemProxy;
			containerPortal = 85335D5321BB96F600BA1B16 /* Project object */;
			proxyType = 1;
			remoteGlobalIDString = 85335D5A21BB96F600BA1B16;
			remoteInfo = TestProject;
		};
/* End PBXContainerItemProxy section */

/* Begin PBXFileReference section */
		2CBBB536E389F506F0D574F7 /* Pods-TestProjectUITests.release.xcconfig */ = {isa = PBXFileReference; includeInIndex = 1; lastKnownFileType = text.xcconfig; name = "Pods-TestProjectUITests.release.xcconfig"; path = "Pods/Target Support Files/Pods-TestProjectUITests/Pods-TestProjectUITests.release.xcconfig"; sourceTree = "<group>"; };
		4AF3BA7644E1D5198C3AA4AA /* Pods-TestProject.release.xcconfig */ = {isa = PBXFileReference; includeInIndex = 1; lastKnownFileType = text.xcconfig; name = "Pods-TestProject.release.xcconfig"; path = "Pods/Target Support Files/Pods-TestProject/Pods-TestProject.release.xcconfig"; sourceTree = "<group>"; };
		5C2957A42564702CC1650B0A /* Pods-TestProject.debug.xcconfig */ = {isa = PBXFileReference; includeInIndex = 1; lastKnownFileType = text.xcconfig; name = "Pods-TestProject.debug.xcconfig"; path = "Pods/Target Support Files/Pods-TestProject/Pods-TestProject.debug.xcconfig"; sourceTree = "<group>"; };
		7DB505657A05A00C53AE3930 /* Pods-TestProjectTests.release.xcconfig */ = {isa = PBXFileReference; includeInIndex = 1; lastKnownFileType = text.xcconfig; name = "Pods-TestProjectTests.release.xcconfig"; path = "Pods/Target Support Files/Pods-TestProjectTests/Pods-TestProjectTests.release.xcconfig"; sourceTree = "<group>"; };
		85335D5B21BB96F600BA1B16 /* TestProject.app */ = {isa = PBXFileReference; explicitFileType = wrapper.application; includeInIndex = 0; path = TestProject.app; sourceTree = BUILT_PRODUCTS_DIR; };
		85335D5E21BB96F600BA1B16 /* AppDelegate.swift */ = {isa = PBXFileReference; lastKnownFileType = sourcecode.swift; path = AppDelegate.swift; sourceTree = "<group>"; };
		85335D6321BB96F600BA1B16 /* Base */ = {isa = PBXFileReference; lastKnownFileType = file.storyboard; name = Base; path = Base.lproj/Main.storyboard; sourceTree = "<group>"; };
		85335D6621BB96F600BA1B16 /* TestProject.xcdatamodel */ = {isa = PBXFileReference; lastKnownFileType = wrapper.xcdatamodel; path = TestProject.xcdatamodel; sourceTree = "<group>"; };
		85335D6821BB96F600BA1B16 /* Assets.xcassets */ = {isa = PBXFileReference; lastKnownFileType = folder.assetcatalog; path = Assets.xcassets; sourceTree = "<group>"; };
		85335D6B21BB96F600BA1B16 /* Base */ = {isa = PBXFileReference; lastKnownFileType = file.storyboard; name = Base; path = Base.lproj/LaunchScreen.storyboard; sourceTree = "<group>"; };
		85335D6D21BB96F600BA1B16 /* Info.plist */ = {isa = PBXFileReference; lastKnownFileType = text.plist.xml; path = Info.plist; sourceTree = "<group>"; };
		85335D7221BB96F600BA1B16 /* TestProjectTests.xctest */ = {isa = PBXFileReference; explicitFileType = wrapper.cfbundle; includeInIndex = 0; path = TestProjectTests.xctest; sourceTree = BUILT_PRODUCTS_DIR; };
		85335D7621BB96F600BA1B16 /* TestProjectTests.swift */ = {isa = PBXFileReference; lastKnownFileType = sourcecode.swift; path = TestProjectTests.swift; sourceTree = "<group>"; };
		85335D7821BB96F600BA1B16 /* Info.plist */ = {isa = PBXFileReference; lastKnownFileType = text.plist.xml; path = Info.plist; sourceTree = "<group>"; };
		85335D7D21BB96F600BA1B16 /* TestProjectUITests.xctest */ = {isa = PBXFileReference; explicitFileType = wrapper.cfbundle; includeInIndex = 0; path = TestProjectUITests.xctest; sourceTree = BUILT_PRODUCTS_DIR; };
		85335D8121BB96F600BA1B16 /* TestProjectUITests.swift */ = {isa = PBXFileReference; lastKnownFileType = sourcecode.swift; path = TestProjectUITests.swift; sourceTree = "<group>"; };
		85335D8321BB96F600BA1B16 /* Info.plist */ = {isa = PBXFileReference; lastKnownFileType = text.plist.xml; path = Info.plist; sourceTree = "<group>"; };
		85573D3F21E0D6B600D7EC64 /* HomeScreenController.swift */ = {isa = PBXFileReference; lastKnownFileType = sourcecode.swift; path = HomeScreenController.swift; sourceTree = "<group>"; };
		85573D4321E0E1FF00D7EC64 /* HomeViewModel.swift */ = {isa = PBXFileReference; lastKnownFileType = sourcecode.swift; path = HomeViewModel.swift; sourceTree = "<group>"; };
		85573D4521E0E20B00D7EC64 /* HomeModel.swift */ = {isa = PBXFileReference; lastKnownFileType = sourcecode.swift; path = HomeModel.swift; sourceTree = "<group>"; };
		85573D4721E0E7F200D7EC64 /* HomeCell1.swift */ = {isa = PBXFileReference; fileEncoding = 4; lastKnownFileType = sourcecode.swift; path = HomeCell1.swift; sourceTree = "<group>"; };
		85573D4921E10F5E00D7EC64 /* DetailViewController.swift */ = {isa = PBXFileReference; lastKnownFileType = sourcecode.swift; path = DetailViewController.swift; sourceTree = "<group>"; };
		85573D4B21E11C1E00D7EC64 /* DetailCell.swift */ = {isa = PBXFileReference; lastKnownFileType = sourcecode.swift; path = DetailCell.swift; sourceTree = "<group>"; };
		85573D4D21E1224D00D7EC64 /* DetailViewModel.swift */ = {isa = PBXFileReference; lastKnownFileType = sourcecode.swift; path = DetailViewModel.swift; sourceTree = "<group>"; };
		856FABE821E19DC1004A83BC /* Date+Functions.swift */ = {isa = PBXFileReference; lastKnownFileType = sourcecode.swift; path = "Date+Functions.swift"; sourceTree = "<group>"; };
		856FABEA21E1B4F3004A83BC /* TrendsViewController.swift */ = {isa = PBXFileReference; lastKnownFileType = sourcecode.swift; path = TrendsViewController.swift; sourceTree = "<group>"; };
		856FABEC21E1B57B004A83BC /* TrendsViewModel.swift */ = {isa = PBXFileReference; lastKnownFileType = sourcecode.swift; path = TrendsViewModel.swift; sourceTree = "<group>"; };
		8595CCF021BBB2C700E907D5 /* DataBaseManager.swift */ = {isa = PBXFileReference; lastKnownFileType = sourcecode.swift; path = DataBaseManager.swift; sourceTree = "<group>"; };
		85DC7B5D21E0BC4B00F60FE1 /* ArticleViewController.swift */ = {isa = PBXFileReference; fileEncoding = 4; lastKnownFileType = sourcecode.swift; path = ArticleViewController.swift; sourceTree = "<group>"; };
		85DC7B5F21E0BC6F00F60FE1 /* LoginViewController.swift */ = {isa = PBXFileReference; lastKnownFileType = sourcecode.swift; path = LoginViewController.swift; sourceTree = "<group>"; };
		85DC7B6121E0BC8100F60FE1 /* RegisterViewController.swift */ = {isa = PBXFileReference; lastKnownFileType = sourcecode.swift; path = RegisterViewController.swift; sourceTree = "<group>"; };
		85DC7B6321E0C83200F60FE1 /* Utility.swift */ = {isa = PBXFileReference; lastKnownFileType = sourcecode.swift; path = Utility.swift; sourceTree = "<group>"; };
		85DC7B6521E0C87F00F60FE1 /* String+Functions.swift */ = {isa = PBXFileReference; lastKnownFileType = sourcecode.swift; path = "String+Functions.swift"; sourceTree = "<group>"; };
		85DC7B6721E0CFA600F60FE1 /* ForgotPasswordController.swift */ = {isa = PBXFileReference; lastKnownFileType = sourcecode.swift; path = ForgotPasswordController.swift; sourceTree = "<group>"; };
		85F6F4B621BB9964007E4E0B /* ApiManager.swift */ = {isa = PBXFileReference; fileEncoding = 4; lastKnownFileType = sourcecode.swift; path = ApiManager.swift; sourceTree = "<group>"; };
		85F6F4B921BB9996007E4E0B /* SCError.swift */ = {isa = PBXFileReference; fileEncoding = 4; lastKnownFileType = sourcecode.swift; path = SCError.swift; sourceTree = "<group>"; };
		85F6F4BC21BB99D6007E4E0B /* Constant.swift */ = {isa = PBXFileReference; fileEncoding = 4; lastKnownFileType = sourcecode.swift; path = Constant.swift; sourceTree = "<group>"; };
		85F6F4BF21BB9A9C007E4E0B /* ArticleCell.swift */ = {isa = PBXFileReference; lastKnownFileType = sourcecode.swift; path = ArticleCell.swift; sourceTree = "<group>"; };
		85F6F4C121BB9AE0007E4E0B /* ArticleModel.swift */ = {isa = PBXFileReference; lastKnownFileType = sourcecode.swift; path = ArticleModel.swift; sourceTree = "<group>"; };
		85F6F4C421BB9B09007E4E0B /* ArticleViewModel.swift */ = {isa = PBXFileReference; lastKnownFileType = sourcecode.swift; path = ArticleViewModel.swift; sourceTree = "<group>"; };
		85F6F4C721BB9F6F007E4E0B /* UIViewController+Functions.swift */ = {isa = PBXFileReference; lastKnownFileType = sourcecode.swift; path = "UIViewController+Functions.swift"; sourceTree = "<group>"; };
		8C0F1AB5BB98ACA0FD6974B0 /* Pods-TestProjectTests.debug.xcconfig */ = {isa = PBXFileReference; includeInIndex = 1; lastKnownFileType = text.xcconfig; name = "Pods-TestProjectTests.debug.xcconfig"; path = "Pods/Target Support Files/Pods-TestProjectTests/Pods-TestProjectTests.debug.xcconfig"; sourceTree = "<group>"; };
		9AE8462416B6F3B53264CF3F /* Pods-TestProjectUITests.debug.xcconfig */ = {isa = PBXFileReference; includeInIndex = 1; lastKnownFileType = text.xcconfig; name = "Pods-TestProjectUITests.debug.xcconfig"; path = "Pods/Target Support Files/Pods-TestProjectUITests/Pods-TestProjectUITests.debug.xcconfig"; sourceTree = "<group>"; };
		D88E4B992AB3E17501EE9131 /* Pods_TestProject.framework */ = {isa = PBXFileReference; explicitFileType = wrapper.framework; includeInIndex = 0; path = Pods_TestProject.framework; sourceTree = BUILT_PRODUCTS_DIR; };
		F054FC768E881B6CAD8C7BBA /* Pods_TestProjectUITests.framework */ = {isa = PBXFileReference; explicitFileType = wrapper.framework; includeInIndex = 0; path = Pods_TestProjectUITests.framework; sourceTree = BUILT_PRODUCTS_DIR; };
		FA0E96280A6B3A45C4FCCF77 /* Pods_TestProjectTests.framework */ = {isa = PBXFileReference; explicitFileType = wrapper.framework; includeInIndex = 0; path = Pods_TestProjectTests.framework; sourceTree = BUILT_PRODUCTS_DIR; };
/* End PBXFileReference section */

/* Begin PBXFrameworksBuildPhase section */
		85335D5821BB96F600BA1B16 /* Frameworks */ = {
			isa = PBXFrameworksBuildPhase;
			buildActionMask = 2147483647;
			files = (
				1184E9982588CA3180827524 /* Pods_TestProject.framework in Frameworks */,
			);
			runOnlyForDeploymentPostprocessing = 0;
		};
		85335D6F21BB96F600BA1B16 /* Frameworks */ = {
			isa = PBXFrameworksBuildPhase;
			buildActionMask = 2147483647;
			files = (
				336C7104F99BB73666769811 /* Pods_TestProjectTests.framework in Frameworks */,
			);
			runOnlyForDeploymentPostprocessing = 0;
		};
		85335D7A21BB96F600BA1B16 /* Frameworks */ = {
			isa = PBXFrameworksBuildPhase;
			buildActionMask = 2147483647;
			files = (
				77BCA57A4659A59EB3B971E8 /* Pods_TestProjectUITests.framework in Frameworks */,
			);
			runOnlyForDeploymentPostprocessing = 0;
		};
/* End PBXFrameworksBuildPhase section */

/* Begin PBXGroup section */
		85335D5221BB96F600BA1B16 = {
			isa = PBXGroup;
			children = (
				85335D5D21BB96F600BA1B16 /* TestProject */,
				85335D7521BB96F600BA1B16 /* TestProjectTests */,
				85335D8021BB96F600BA1B16 /* TestProjectUITests */,
				85335D5C21BB96F600BA1B16 /* Products */,
				F3CBC5A229D7FE8C55D790A3 /* Pods */,
				D2369760968346E0230B177B /* Frameworks */,
			);
			sourceTree = "<group>";
		};
		85335D5C21BB96F600BA1B16 /* Products */ = {
			isa = PBXGroup;
			children = (
				85335D5B21BB96F600BA1B16 /* TestProject.app */,
				85335D7221BB96F600BA1B16 /* TestProjectTests.xctest */,
				85335D7D21BB96F600BA1B16 /* TestProjectUITests.xctest */,
			);
			name = Products;
			sourceTree = "<group>";
		};
		85335D5D21BB96F600BA1B16 /* TestProject */ = {
			isa = PBXGroup;
			children = (
				85DC7B5C21E0BC4B00F60FE1 /* Controllers */,
				85F6F4C621BB9F60007E4E0B /* Extension */,
				85F6F4C321BB9AF2007E4E0B /* ViewModel */,
				85F6F4BE21BB9A88007E4E0B /* Cells */,
				85F6F4BB21BB99C6007E4E0B /* Utitlity */,
				85F6F4B821BB9996007E4E0B /* Models */,
				85F6F4B521BB9964007E4E0B /* Managers */,
				85335D5E21BB96F600BA1B16 /* AppDelegate.swift */,
				85335D6221BB96F600BA1B16 /* Main.storyboard */,
				85335D6821BB96F600BA1B16 /* Assets.xcassets */,
				85335D6A21BB96F600BA1B16 /* LaunchScreen.storyboard */,
				85335D6D21BB96F600BA1B16 /* Info.plist */,
				85335D6521BB96F600BA1B16 /* TestProject.xcdatamodeld */,
			);
			path = TestProject;
			sourceTree = "<group>";
		};
		85335D7521BB96F600BA1B16 /* TestProjectTests */ = {
			isa = PBXGroup;
			children = (
				85335D7621BB96F600BA1B16 /* TestProjectTests.swift */,
				85335D7821BB96F600BA1B16 /* Info.plist */,
			);
			path = TestProjectTests;
			sourceTree = "<group>";
		};
		85335D8021BB96F600BA1B16 /* TestProjectUITests */ = {
			isa = PBXGroup;
			children = (
				85335D8121BB96F600BA1B16 /* TestProjectUITests.swift */,
				85335D8321BB96F600BA1B16 /* Info.plist */,
			);
			path = TestProjectUITests;
			sourceTree = "<group>";
		};
		85DC7B5C21E0BC4B00F60FE1 /* Controllers */ = {
			isa = PBXGroup;
			children = (
				85DC7B5D21E0BC4B00F60FE1 /* ArticleViewController.swift */,
				85DC7B5F21E0BC6F00F60FE1 /* LoginViewController.swift */,
				85DC7B6121E0BC8100F60FE1 /* RegisterViewController.swift */,
				85DC7B6721E0CFA600F60FE1 /* ForgotPasswordController.swift */,
				85573D3F21E0D6B600D7EC64 /* HomeScreenController.swift */,
				85573D4921E10F5E00D7EC64 /* DetailViewController.swift */,
				856FABEA21E1B4F3004A83BC /* TrendsViewController.swift */,
			);
			path = Controllers;
			sourceTree = "<group>";
		};
		85F6F4B521BB9964007E4E0B /* Managers */ = {
			isa = PBXGroup;
			children = (
				85F6F4B621BB9964007E4E0B /* ApiManager.swift */,
				8595CCF021BBB2C700E907D5 /* DataBaseManager.swift */,
			);
			path = Managers;
			sourceTree = "<group>";
		};
		85F6F4B821BB9996007E4E0B /* Models */ = {
			isa = PBXGroup;
			children = (
				85F6F4B921BB9996007E4E0B /* SCError.swift */,
				85F6F4C121BB9AE0007E4E0B /* ArticleModel.swift */,
				85573D4521E0E20B00D7EC64 /* HomeModel.swift */,
			);
			path = Models;
			sourceTree = "<group>";
		};
		85F6F4BB21BB99C6007E4E0B /* Utitlity */ = {
			isa = PBXGroup;
			children = (
				85F6F4BC21BB99D6007E4E0B /* Constant.swift */,
				85DC7B6321E0C83200F60FE1 /* Utility.swift */,
			);
			path = Utitlity;
			sourceTree = "<group>";
		};
		85F6F4BE21BB9A88007E4E0B /* Cells */ = {
			isa = PBXGroup;
			children = (
				85573D4721E0E7F200D7EC64 /* HomeCell1.swift */,
				85F6F4BF21BB9A9C007E4E0B /* ArticleCell.swift */,
				85573D4B21E11C1E00D7EC64 /* DetailCell.swift */,
			);
			path = Cells;
			sourceTree = "<group>";
		};
		85F6F4C321BB9AF2007E4E0B /* ViewModel */ = {
			isa = PBXGroup;
			children = (
				85F6F4C421BB9B09007E4E0B /* ArticleViewModel.swift */,
				85573D4321E0E1FF00D7EC64 /* HomeViewModel.swift */,
				85573D4D21E1224D00D7EC64 /* DetailViewModel.swift */,
				856FABEC21E1B57B004A83BC /* TrendsViewModel.swift */,
			);
			path = ViewModel;
			sourceTree = "<group>";
		};
		85F6F4C621BB9F60007E4E0B /* Extension */ = {
			isa = PBXGroup;
			children = (
				85F6F4C721BB9F6F007E4E0B /* UIViewController+Functions.swift */,
				85DC7B6521E0C87F00F60FE1 /* String+Functions.swift */,
				856FABE821E19DC1004A83BC /* Date+Functions.swift */,
			);
			path = Extension;
			sourceTree = "<group>";
		};
		D2369760968346E0230B177B /* Frameworks */ = {
			isa = PBXGroup;
			children = (
				D88E4B992AB3E17501EE9131 /* Pods_TestProject.framework */,
				FA0E96280A6B3A45C4FCCF77 /* Pods_TestProjectTests.framework */,
				F054FC768E881B6CAD8C7BBA /* Pods_TestProjectUITests.framework */,
			);
			name = Frameworks;
			sourceTree = "<group>";
		};
		F3CBC5A229D7FE8C55D790A3 /* Pods */ = {
			isa = PBXGroup;
			children = (
				5C2957A42564702CC1650B0A /* Pods-TestProject.debug.xcconfig */,
				4AF3BA7644E1D5198C3AA4AA /* Pods-TestProject.release.xcconfig */,
				8C0F1AB5BB98ACA0FD6974B0 /* Pods-TestProjectTests.debug.xcconfig */,
				7DB505657A05A00C53AE3930 /* Pods-TestProjectTests.release.xcconfig */,
				9AE8462416B6F3B53264CF3F /* Pods-TestProjectUITests.debug.xcconfig */,
				2CBBB536E389F506F0D574F7 /* Pods-TestProjectUITests.release.xcconfig */,
			);
			name = Pods;
			sourceTree = "<group>";
		};
/* End PBXGroup section */

/* Begin PBXNativeTarget section */
		85335D5A21BB96F600BA1B16 /* TestProject */ = {
			isa = PBXNativeTarget;
			buildConfigurationList = 85335D8621BB96F600BA1B16 /* Build configuration list for PBXNativeTarget "TestProject" */;
			buildPhases = (
				922B31DEBC9864EDCAC47A3D /* [CP] Check Pods Manifest.lock */,
				85335D5721BB96F600BA1B16 /* Sources */,
				85335D5821BB96F600BA1B16 /* Frameworks */,
				85335D5921BB96F600BA1B16 /* Resources */,
				BE6C389B575552800F3BC59A /* [CP] Embed Pods Frameworks */,
				D3A2E9E0F7907971F9A85143 /* [CP] Copy Pods Resources */,
			);
			buildRules = (
			);
			dependencies = (
			);
			name = TestProject;
			productName = TestProject;
			productReference = 85335D5B21BB96F600BA1B16 /* TestProject.app */;
			productType = "com.apple.product-type.application";
		};
		85335D7121BB96F600BA1B16 /* TestProjectTests */ = {
			isa = PBXNativeTarget;
			buildConfigurationList = 85335D8921BB96F600BA1B16 /* Build configuration list for PBXNativeTarget "TestProjectTests" */;
			buildPhases = (
				E813AE402C7C02E2EF3F1C18 /* [CP] Check Pods Manifest.lock */,
				85335D6E21BB96F600BA1B16 /* Sources */,
				85335D6F21BB96F600BA1B16 /* Frameworks */,
				85335D7021BB96F600BA1B16 /* Resources */,
				AC1399C113B97B98536320B4 /* [CP] Embed Pods Frameworks */,
				C58A10068EAFB07A160D231F /* [CP] Copy Pods Resources */,
			);
			buildRules = (
			);
			dependencies = (
				85335D7421BB96F600BA1B16 /* PBXTargetDependency */,
			);
			name = TestProjectTests;
			productName = TestProjectTests;
			productReference = 85335D7221BB96F600BA1B16 /* TestProjectTests.xctest */;
			productType = "com.apple.product-type.bundle.unit-test";
		};
		85335D7C21BB96F600BA1B16 /* TestProjectUITests */ = {
			isa = PBXNativeTarget;
			buildConfigurationList = 85335D8C21BB96F600BA1B16 /* Build configuration list for PBXNativeTarget "TestProjectUITests" */;
			buildPhases = (
				6E50C2BBD456FCD9C3341698 /* [CP] Check Pods Manifest.lock */,
				85335D7921BB96F600BA1B16 /* Sources */,
				85335D7A21BB96F600BA1B16 /* Frameworks */,
				85335D7B21BB96F600BA1B16 /* Resources */,
				0EFCE01CBD14E50E4B47F2E1 /* [CP] Embed Pods Frameworks */,
				1EB2C11D6CF416E20603CB17 /* [CP] Copy Pods Resources */,
			);
			buildRules = (
			);
			dependencies = (
				85335D7F21BB96F600BA1B16 /* PBXTargetDependency */,
			);
			name = TestProjectUITests;
			productName = TestProjectUITests;
			productReference = 85335D7D21BB96F600BA1B16 /* TestProjectUITests.xctest */;
			productType = "com.apple.product-type.bundle.ui-testing";
		};
/* End PBXNativeTarget section */

/* Begin PBXProject section */
		85335D5321BB96F600BA1B16 /* Project object */ = {
			isa = PBXProject;
			attributes = {
				LastSwiftUpdateCheck = 0920;
				LastUpgradeCheck = 0920;
				ORGANIZATIONNAME = Test;
				TargetAttributes = {
					85335D5A21BB96F600BA1B16 = {
						CreatedOnToolsVersion = 9.2;
						ProvisioningStyle = Automatic;
					};
					85335D7121BB96F600BA1B16 = {
						CreatedOnToolsVersion = 9.2;
						ProvisioningStyle = Automatic;
						TestTargetID = 85335D5A21BB96F600BA1B16;
					};
					85335D7C21BB96F600BA1B16 = {
						CreatedOnToolsVersion = 9.2;
						ProvisioningStyle = Automatic;
						TestTargetID = 85335D5A21BB96F600BA1B16;
					};
				};
			};
			buildConfigurationList = 85335D5621BB96F600BA1B16 /* Build configuration list for PBXProject "TestProject" */;
			compatibilityVersion = "Xcode 8.0";
			developmentRegion = en;
			hasScannedForEncodings = 0;
			knownRegions = (
				en,
				Base,
			);
			mainGroup = 85335D5221BB96F600BA1B16;
			productRefGroup = 85335D5C21BB96F600BA1B16 /* Products */;
			projectDirPath = "";
			projectRoot = "";
			targets = (
				85335D5A21BB96F600BA1B16 /* TestProject */,
				85335D7121BB96F600BA1B16 /* TestProjectTests */,
				85335D7C21BB96F600BA1B16 /* TestProjectUITests */,
			);
		};
/* End PBXProject section */

/* Begin PBXResourcesBuildPhase section */
		85335D5921BB96F600BA1B16 /* Resources */ = {
			isa = PBXResourcesBuildPhase;
			buildActionMask = 2147483647;
			files = (
				85335D6C21BB96F600BA1B16 /* LaunchScreen.storyboard in Resources */,
				85335D6921BB96F600BA1B16 /* Assets.xcassets in Resources */,
				85335D6421BB96F600BA1B16 /* Main.storyboard in Resources */,
			);
			runOnlyForDeploymentPostprocessing = 0;
		};
		85335D7021BB96F600BA1B16 /* Resources */ = {
			isa = PBXResourcesBuildPhase;
			buildActionMask = 2147483647;
			files = (
			);
			runOnlyForDeploymentPostprocessing = 0;
		};
		85335D7B21BB96F600BA1B16 /* Resources */ = {
			isa = PBXResourcesBuildPhase;
			buildActionMask = 2147483647;
			files = (
			);
			runOnlyForDeploymentPostprocessing = 0;
		};
/* End PBXResourcesBuildPhase section */

/* Begin PBXShellScriptBuildPhase section */
		0EFCE01CBD14E50E4B47F2E1 /* [CP] Embed Pods Frameworks */ = {
			isa = PBXShellScriptBuildPhase;
			buildActionMask = 2147483647;
			files = (
			);
			inputPaths = (
			);
			name = "[CP] Embed Pods Frameworks";
			outputPaths = (
			);
			runOnlyForDeploymentPostprocessing = 0;
			shellPath = /bin/sh;
			shellScript = "\"${SRCROOT}/Pods/Target Support Files/Pods-TestProjectUITests/Pods-TestProjectUITests-frameworks.sh\"\n";
			showEnvVarsInLog = 0;
		};
		1EB2C11D6CF416E20603CB17 /* [CP] Copy Pods Resources */ = {
			isa = PBXShellScriptBuildPhase;
			buildActionMask = 2147483647;
			files = (
			);
			inputPaths = (
			);
			name = "[CP] Copy Pods Resources";
			outputPaths = (
			);
			runOnlyForDeploymentPostprocessing = 0;
			shellPath = /bin/sh;
			shellScript = "\"${SRCROOT}/Pods/Target Support Files/Pods-TestProjectUITests/Pods-TestProjectUITests-resources.sh\"\n";
			showEnvVarsInLog = 0;
		};
		6E50C2BBD456FCD9C3341698 /* [CP] Check Pods Manifest.lock */ = {
			isa = PBXShellScriptBuildPhase;
			buildActionMask = 2147483647;
			files = (
			);
			inputPaths = (
				"${PODS_PODFILE_DIR_PATH}/Podfile.lock",
				"${PODS_ROOT}/Manifest.lock",
			);
			name = "[CP] Check Pods Manifest.lock";
			outputPaths = (
				"$(DERIVED_FILE_DIR)/Pods-TestProjectUITests-checkManifestLockResult.txt",
			);
			runOnlyForDeploymentPostprocessing = 0;
			shellPath = /bin/sh;
			shellScript = "diff \"${PODS_PODFILE_DIR_PATH}/Podfile.lock\" \"${PODS_ROOT}/Manifest.lock\" > /dev/null\nif [ $? != 0 ] ; then\n    # print error to STDERR\n    echo \"error: The sandbox is not in sync with the Podfile.lock. Run 'pod install' or update your CocoaPods installation.\" >&2\n    exit 1\nfi\n# This output is used by Xcode 'outputs' to avoid re-running this script phase.\necho \"SUCCESS\" > \"${SCRIPT_OUTPUT_FILE_0}\"\n";
			showEnvVarsInLog = 0;
		};
		922B31DEBC9864EDCAC47A3D /* [CP] Check Pods Manifest.lock */ = {
			isa = PBXShellScriptBuildPhase;
			buildActionMask = 2147483647;
			files = (
			);
			inputPaths = (
				"${PODS_PODFILE_DIR_PATH}/Podfile.lock",
				"${PODS_ROOT}/Manifest.lock",
			);
			name = "[CP] Check Pods Manifest.lock";
			outputPaths = (
				"$(DERIVED_FILE_DIR)/Pods-TestProject-checkManifestLockResult.txt",
			);
			runOnlyForDeploymentPostprocessing = 0;
			shellPath = /bin/sh;
			shellScript = "diff \"${PODS_PODFILE_DIR_PATH}/Podfile.lock\" \"${PODS_ROOT}/Manifest.lock\" > /dev/null\nif [ $? != 0 ] ; then\n    # print error to STDERR\n    echo \"error: The sandbox is not in sync with the Podfile.lock. Run 'pod install' or update your CocoaPods installation.\" >&2\n    exit 1\nfi\n# This output is used by Xcode 'outputs' to avoid re-running this script phase.\necho \"SUCCESS\" > \"${SCRIPT_OUTPUT_FILE_0}\"\n";
			showEnvVarsInLog = 0;
		};
		AC1399C113B97B98536320B4 /* [CP] Embed Pods Frameworks */ = {
			isa = PBXShellScriptBuildPhase;
			buildActionMask = 2147483647;
			files = (
			);
			inputPaths = (
			);
			name = "[CP] Embed Pods Frameworks";
			outputPaths = (
			);
			runOnlyForDeploymentPostprocessing = 0;
			shellPath = /bin/sh;
			shellScript = "\"${SRCROOT}/Pods/Target Support Files/Pods-TestProjectTests/Pods-TestProjectTests-frameworks.sh\"\n";
			showEnvVarsInLog = 0;
		};
		BE6C389B575552800F3BC59A /* [CP] Embed Pods Frameworks */ = {
			isa = PBXShellScriptBuildPhase;
			buildActionMask = 2147483647;
			files = (
			);
			inputPaths = (
				"${SRCROOT}/Pods/Target Support Files/Pods-TestProject/Pods-TestProject-frameworks.sh",
				"${BUILT_PRODUCTS_DIR}/IQKeyboardManagerSwift/IQKeyboardManagerSwift.framework",
				"${BUILT_PRODUCTS_DIR}/SDWebImage/SDWebImage.framework",
				"${BUILT_PRODUCTS_DIR}/SRCountdownTimer/SRCountdownTimer.framework",
				"${BUILT_PRODUCTS_DIR}/SVProgressHUD/SVProgressHUD.framework",
				"${BUILT_PRODUCTS_DIR}/UIScrollView-InfiniteScroll/UIScrollView_InfiniteScroll.framework",
			);
			name = "[CP] Embed Pods Frameworks";
			outputPaths = (
				"${TARGET_BUILD_DIR}/${FRAMEWORKS_FOLDER_PATH}/IQKeyboardManagerSwift.framework",
				"${TARGET_BUILD_DIR}/${FRAMEWORKS_FOLDER_PATH}/SDWebImage.framework",
				"${TARGET_BUILD_DIR}/${FRAMEWORKS_FOLDER_PATH}/SRCountdownTimer.framework",
				"${TARGET_BUILD_DIR}/${FRAMEWORKS_FOLDER_PATH}/SVProgressHUD.framework",
				"${TARGET_BUILD_DIR}/${FRAMEWORKS_FOLDER_PATH}/UIScrollView_InfiniteScroll.framework",
			);
			runOnlyForDeploymentPostprocessing = 0;
			shellPath = /bin/sh;
			shellScript = "\"${SRCROOT}/Pods/Target Support Files/Pods-TestProject/Pods-TestProject-frameworks.sh\"\n";
			showEnvVarsInLog = 0;
		};
		C58A10068EAFB07A160D231F /* [CP] Copy Pods Resources */ = {
			isa = PBXShellScriptBuildPhase;
			buildActionMask = 2147483647;
			files = (
			);
			inputPaths = (
			);
			name = "[CP] Copy Pods Resources";
			outputPaths = (
			);
			runOnlyForDeploymentPostprocessing = 0;
			shellPath = /bin/sh;
			shellScript = "\"${SRCROOT}/Pods/Target Support Files/Pods-TestProjectTests/Pods-TestProjectTests-resources.sh\"\n";
			showEnvVarsInLog = 0;
		};
		D3A2E9E0F7907971F9A85143 /* [CP] Copy Pods Resources */ = {
			isa = PBXShellScriptBuildPhase;
			buildActionMask = 2147483647;
			files = (
			);
			inputPaths = (
			);
			name = "[CP] Copy Pods Resources";
			outputPaths = (
			);
			runOnlyForDeploymentPostprocessing = 0;
			shellPath = /bin/sh;
			shellScript = "\"${SRCROOT}/Pods/Target Support Files/Pods-TestProject/Pods-TestProject-resources.sh\"\n";
			showEnvVarsInLog = 0;
		};
		E813AE402C7C02E2EF3F1C18 /* [CP] Check Pods Manifest.lock */ = {
			isa = PBXShellScriptBuildPhase;
			buildActionMask = 2147483647;
			files = (
			);
			inputPaths = (
				"${PODS_PODFILE_DIR_PATH}/Podfile.lock",
				"${PODS_ROOT}/Manifest.lock",
			);
			name = "[CP] Check Pods Manifest.lock";
			outputPaths = (
				"$(DERIVED_FILE_DIR)/Pods-TestProjectTests-checkManifestLockResult.txt",
			);
			runOnlyForDeploymentPostprocessing = 0;
			shellPath = /bin/sh;
			shellScript = "diff \"${PODS_PODFILE_DIR_PATH}/Podfile.lock\" \"${PODS_ROOT}/Manifest.lock\" > /dev/null\nif [ $? != 0 ] ; then\n    # print error to STDERR\n    echo \"error: The sandbox is not in sync with the Podfile.lock. Run 'pod install' or update your CocoaPods installation.\" >&2\n    exit 1\nfi\n# This output is used by Xcode 'outputs' to avoid re-running this script phase.\necho \"SUCCESS\" > \"${SCRIPT_OUTPUT_FILE_0}\"\n";
			showEnvVarsInLog = 0;
		};
/* End PBXShellScriptBuildPhase section */

/* Begin PBXSourcesBuildPhase section */
		85335D5721BB96F600BA1B16 /* Sources */ = {
			isa = PBXSourcesBuildPhase;
			buildActionMask = 2147483647;
			files = (
				85573D4421E0E1FF00D7EC64 /* HomeViewModel.swift in Sources */,
				856FABE921E19DC1004A83BC /* Date+Functions.swift in Sources */,
				85DC7B6421E0C83200F60FE1 /* Utility.swift in Sources */,
				85DC7B6821E0CFA600F60FE1 /* ForgotPasswordController.swift in Sources */,
				85DC7B6021E0BC6F00F60FE1 /* LoginViewController.swift in Sources */,
				85F6F4B721BB9964007E4E0B /* ApiManager.swift in Sources */,
				85573D4021E0D6B600D7EC64 /* HomeScreenController.swift in Sources */,
				85573D4A21E10F5E00D7EC64 /* DetailViewController.swift in Sources */,
				85F6F4C821BB9F6F007E4E0B /* UIViewController+Functions.swift in Sources */,
				85F6F4C221BB9AE0007E4E0B /* ArticleModel.swift in Sources */,
				85573D4621E0E20B00D7EC64 /* HomeModel.swift in Sources */,
				85335D6721BB96F600BA1B16 /* TestProject.xcdatamodeld in Sources */,
				85573D4E21E1224D00D7EC64 /* DetailViewModel.swift in Sources */,
				856FABEB21E1B4F3004A83BC /* TrendsViewController.swift in Sources */,
				85F6F4BA21BB9996007E4E0B /* SCError.swift in Sources */,
				85573D4C21E11C1E00D7EC64 /* DetailCell.swift in Sources */,
				85DC7B5E21E0BC4B00F60FE1 /* ArticleViewController.swift in Sources */,
				85F6F4C021BB9A9C007E4E0B /* ArticleCell.swift in Sources */,
				856FABED21E1B57B004A83BC /* TrendsViewModel.swift in Sources */,
				85F6F4C521BB9B09007E4E0B /* ArticleViewModel.swift in Sources */,
				85573D4821E0E7F200D7EC64 /* HomeCell1.swift in Sources */,
				85DC7B6621E0C87F00F60FE1 /* String+Functions.swift in Sources */,
				85335D5F21BB96F600BA1B16 /* AppDelegate.swift in Sources */,
				85DC7B6221E0BC8100F60FE1 /* RegisterViewController.swift in Sources */,
				85F6F4BD21BB99D6007E4E0B /* Constant.swift in Sources */,
				8595CCF121BBB2C700E907D5 /* DataBaseManager.swift in Sources */,
			);
			runOnlyForDeploymentPostprocessing = 0;
		};
		85335D6E21BB96F600BA1B16 /* Sources */ = {
			isa = PBXSourcesBuildPhase;
			buildActionMask = 2147483647;
			files = (
				85335D7721BB96F600BA1B16 /* TestProjectTests.swift in Sources */,
			);
			runOnlyForDeploymentPostprocessing = 0;
		};
		85335D7921BB96F600BA1B16 /* Sources */ = {
			isa = PBXSourcesBuildPhase;
			buildActionMask = 2147483647;
			files = (
				85335D8221BB96F600BA1B16 /* TestProjectUITests.swift in Sources */,
			);
			runOnlyForDeploymentPostprocessing = 0;
		};
/* End PBXSourcesBuildPhase section */

/* Begin PBXTargetDependency section */
		85335D7421BB96F600BA1B16 /* PBXTargetDependency */ = {
			isa = PBXTargetDependency;
			target = 85335D5A21BB96F600BA1B16 /* TestProject */;
			targetProxy = 85335D7321BB96F600BA1B16 /* PBXContainerItemProxy */;
		};
		85335D7F21BB96F600BA1B16 /* PBXTargetDependency */ = {
			isa = PBXTargetDependency;
			target = 85335D5A21BB96F600BA1B16 /* TestProject */;
			targetProxy = 85335D7E21BB96F600BA1B16 /* PBXContainerItemProxy */;
		};
/* End PBXTargetDependency section */

/* Begin PBXVariantGroup section */
		85335D6221BB96F600BA1B16 /* Main.storyboard */ = {
			isa = PBXVariantGroup;
			children = (
				85335D6321BB96F600BA1B16 /* Base */,
			);
			name = Main.storyboard;
			sourceTree = "<group>";
		};
		85335D6A21BB96F600BA1B16 /* LaunchScreen.storyboard */ = {
			isa = PBXVariantGroup;
			children = (
				85335D6B21BB96F600BA1B16 /* Base */,
			);
			name = LaunchScreen.storyboard;
			sourceTree = "<group>";
		};
/* End PBXVariantGroup section */

/* Begin XCBuildConfiguration section */
		85335D8421BB96F600BA1B16 /* Debug */ = {
			isa = XCBuildConfiguration;
			buildSettings = {
				ALWAYS_SEARCH_USER_PATHS = NO;
				CLANG_ANALYZER_NONNULL = YES;
				CLANG_ANALYZER_NUMBER_OBJECT_CONVERSION = YES_AGGRESSIVE;
				CLANG_CXX_LANGUAGE_STANDARD = "gnu++14";
				CLANG_CXX_LIBRARY = "libc++";
				CLANG_ENABLE_MODULES = YES;
				CLANG_ENABLE_OBJC_ARC = YES;
				CLANG_WARN_BLOCK_CAPTURE_AUTORELEASING = YES;
				CLANG_WARN_BOOL_CONVERSION = YES;
				CLANG_WARN_COMMA = YES;
				CLANG_WARN_CONSTANT_CONVERSION = YES;
				CLANG_WARN_DIRECT_OBJC_ISA_USAGE = YES_ERROR;
				CLANG_WARN_DOCUMENTATION_COMMENTS = YES;
				CLANG_WARN_EMPTY_BODY = YES;
				CLANG_WARN_ENUM_CONVERSION = YES;
				CLANG_WARN_INFINITE_RECURSION = YES;
				CLANG_WARN_INT_CONVERSION = YES;
				CLANG_WARN_NON_LITERAL_NULL_CONVERSION = YES;
				CLANG_WARN_OBJC_LITERAL_CONVERSION = YES;
				CLANG_WARN_OBJC_ROOT_CLASS = YES_ERROR;
				CLANG_WARN_RANGE_LOOP_ANALYSIS = YES;
				CLANG_WARN_STRICT_PROTOTYPES = YES;
				CLANG_WARN_SUSPICIOUS_MOVE = YES;
				CLANG_WARN_UNGUARDED_AVAILABILITY = YES_AGGRESSIVE;
				CLANG_WARN_UNREACHABLE_CODE = YES;
				CLANG_WARN__DUPLICATE_METHOD_MATCH = YES;
				CODE_SIGN_IDENTITY = "iPhone Developer";
				COPY_PHASE_STRIP = NO;
				DEBUG_INFORMATION_FORMAT = dwarf;
				ENABLE_STRICT_OBJC_MSGSEND = YES;
				ENABLE_TESTABILITY = YES;
				GCC_C_LANGUAGE_STANDARD = gnu11;
				GCC_DYNAMIC_NO_PIC = NO;
				GCC_NO_COMMON_BLOCKS = YES;
				GCC_OPTIMIZATION_LEVEL = 0;
				GCC_PREPROCESSOR_DEFINITIONS = (
					"DEBUG=1",
					"$(inherited)",
				);
				GCC_WARN_64_TO_32_BIT_CONVERSION = YES;
				GCC_WARN_ABOUT_RETURN_TYPE = YES_ERROR;
				GCC_WARN_UNDECLARED_SELECTOR = YES;
				GCC_WARN_UNINITIALIZED_AUTOS = YES_AGGRESSIVE;
				GCC_WARN_UNUSED_FUNCTION = YES;
				GCC_WARN_UNUSED_VARIABLE = YES;
				IPHONEOS_DEPLOYMENT_TARGET = 11.2;
				MTL_ENABLE_DEBUG_INFO = YES;
				ONLY_ACTIVE_ARCH = YES;
				SDKROOT = iphoneos;
				SWIFT_ACTIVE_COMPILATION_CONDITIONS = DEBUG;
				SWIFT_OPTIMIZATION_LEVEL = "-Onone";
			};
			name = Debug;
		};
		85335D8521BB96F600BA1B16 /* Release */ = {
			isa = XCBuildConfiguration;
			buildSettings = {
				ALWAYS_SEARCH_USER_PATHS = NO;
				CLANG_ANALYZER_NONNULL = YES;
				CLANG_ANALYZER_NUMBER_OBJECT_CONVERSION = YES_AGGRESSIVE;
				CLANG_CXX_LANGUAGE_STANDARD = "gnu++14";
				CLANG_CXX_LIBRARY = "libc++";
				CLANG_ENABLE_MODULES = YES;
				CLANG_ENABLE_OBJC_ARC = YES;
				CLANG_WARN_BLOCK_CAPTURE_AUTORELEASING = YES;
				CLANG_WARN_BOOL_CONVERSION = YES;
				CLANG_WARN_COMMA = YES;
				CLANG_WARN_CONSTANT_CONVERSION = YES;
				CLANG_WARN_DIRECT_OBJC_ISA_USAGE = YES_ERROR;
				CLANG_WARN_DOCUMENTATION_COMMENTS = YES;
				CLANG_WARN_EMPTY_BODY = YES;
				CLANG_WARN_ENUM_CONVERSION = YES;
				CLANG_WARN_INFINITE_RECURSION = YES;
				CLANG_WARN_INT_CONVERSION = YES;
				CLANG_WARN_NON_LITERAL_NULL_CONVERSION = YES;
				CLANG_WARN_OBJC_LITERAL_CONVERSION = YES;
				CLANG_WARN_OBJC_ROOT_CLASS = YES_ERROR;
				CLANG_WARN_RANGE_LOOP_ANALYSIS = YES;
				CLANG_WARN_STRICT_PROTOTYPES = YES;
				CLANG_WARN_SUSPICIOUS_MOVE = YES;
				CLANG_WARN_UNGUARDED_AVAILABILITY = YES_AGGRESSIVE;
				CLANG_WARN_UNREACHABLE_CODE = YES;
				CLANG_WARN__DUPLICATE_METHOD_MATCH = YES;
				CODE_SIGN_IDENTITY = "iPhone Developer";
				COPY_PHASE_STRIP = NO;
				DEBUG_INFORMATION_FORMAT = "dwarf-with-dsym";
				ENABLE_NS_ASSERTIONS = NO;
				ENABLE_STRICT_OBJC_MSGSEND = YES;
				GCC_C_LANGUAGE_STANDARD = gnu11;
				GCC_NO_COMMON_BLOCKS = YES;
				GCC_WARN_64_TO_32_BIT_CONVERSION = YES;
				GCC_WARN_ABOUT_RETURN_TYPE = YES_ERROR;
				GCC_WARN_UNDECLARED_SELECTOR = YES;
				GCC_WARN_UNINITIALIZED_AUTOS = YES_AGGRESSIVE;
				GCC_WARN_UNUSED_FUNCTION = YES;
				GCC_WARN_UNUSED_VARIABLE = YES;
				IPHONEOS_DEPLOYMENT_TARGET = 11.2;
				MTL_ENABLE_DEBUG_INFO = NO;
				SDKROOT = iphoneos;
				SWIFT_OPTIMIZATION_LEVEL = "-Owholemodule";
				VALIDATE_PRODUCT = YES;
			};
			name = Release;
		};
		85335D8721BB96F600BA1B16 /* Debug */ = {
			isa = XCBuildConfiguration;
			baseConfigurationReference = 5C2957A42564702CC1650B0A /* Pods-TestProject.debug.xcconfig */;
			buildSettings = {
				ASSETCATALOG_COMPILER_APPICON_NAME = AppIcon;
				CODE_SIGN_STYLE = Automatic;
				INFOPLIST_FILE = TestProject/Info.plist;
				LD_RUNPATH_SEARCH_PATHS = "$(inherited) @executable_path/Frameworks";
				PRODUCT_BUNDLE_IDENTIFIER = com.test.TestProject;
				PRODUCT_NAME = "$(TARGET_NAME)";
				SWIFT_VERSION = 4.0;
				TARGETED_DEVICE_FAMILY = "1,2";
			};
			name = Debug;
		};
		85335D8821BB96F600BA1B16 /* Release */ = {
			isa = XCBuildConfiguration;
			baseConfigurationReference = 4AF3BA7644E1D5198C3AA4AA /* Pods-TestProject.release.xcconfig */;
			buildSettings = {
				ASSETCATALOG_COMPILER_APPICON_NAME = AppIcon;
				CODE_SIGN_STYLE = Automatic;
				INFOPLIST_FILE = TestProject/Info.plist;
				LD_RUNPATH_SEARCH_PATHS = "$(inherited) @executable_path/Frameworks";
				PRODUCT_BUNDLE_IDENTIFIER = com.test.TestProject;
				PRODUCT_NAME = "$(TARGET_NAME)";
				SWIFT_VERSION = 4.0;
				TARGETED_DEVICE_FAMILY = "1,2";
			};
			name = Release;
		};
		85335D8A21BB96F600BA1B16 /* Debug */ = {
			isa = XCBuildConfiguration;
			baseConfigurationReference = 8C0F1AB5BB98ACA0FD6974B0 /* Pods-TestProjectTests.debug.xcconfig */;
			buildSettings = {
				ALWAYS_EMBED_SWIFT_STANDARD_LIBRARIES = YES;
				BUNDLE_LOADER = "$(TEST_HOST)";
				CODE_SIGN_STYLE = Automatic;
				INFOPLIST_FILE = TestProjectTests/Info.plist;
				LD_RUNPATH_SEARCH_PATHS = "$(inherited) @executable_path/Frameworks @loader_path/Frameworks";
				PRODUCT_BUNDLE_IDENTIFIER = com.test.TestProjectTests;
				PRODUCT_NAME = "$(TARGET_NAME)";
				SWIFT_VERSION = 4.0;
				TARGETED_DEVICE_FAMILY = "1,2";
				TEST_HOST = "$(BUILT_PRODUCTS_DIR)/TestProject.app/TestProject";
			};
			name = Debug;
		};
		85335D8B21BB96F600BA1B16 /* Release */ = {
			isa = XCBuildConfiguration;
			baseConfigurationReference = 7DB505657A05A00C53AE3930 /* Pods-TestProjectTests.release.xcconfig */;
			buildSettings = {
				ALWAYS_EMBED_SWIFT_STANDARD_LIBRARIES = YES;
				BUNDLE_LOADER = "$(TEST_HOST)";
				CODE_SIGN_STYLE = Automatic;
				INFOPLIST_FILE = TestProjectTests/Info.plist;
				LD_RUNPATH_SEARCH_PATHS = "$(inherited) @executable_path/Frameworks @loader_path/Frameworks";
				PRODUCT_BUNDLE_IDENTIFIER = com.test.TestProjectTests;
				PRODUCT_NAME = "$(TARGET_NAME)";
				SWIFT_VERSION = 4.0;
				TARGETED_DEVICE_FAMILY = "1,2";
				TEST_HOST = "$(BUILT_PRODUCTS_DIR)/TestProject.app/TestProject";
			};
			name = Release;
		};
		85335D8D21BB96F600BA1B16 /* Debug */ = {
			isa = XCBuildConfiguration;
			baseConfigurationReference = 9AE8462416B6F3B53264CF3F /* Pods-TestProjectUITests.debug.xcconfig */;
			buildSettings = {
				ALWAYS_EMBED_SWIFT_STANDARD_LIBRARIES = YES;
				CODE_SIGN_STYLE = Automatic;
				INFOPLIST_FILE = TestProjectUITests/Info.plist;
				LD_RUNPATH_SEARCH_PATHS = "$(inherited) @executable_path/Frameworks @loader_path/Frameworks";
				PRODUCT_BUNDLE_IDENTIFIER = com.test.TestProjectUITests;
				PRODUCT_NAME = "$(TARGET_NAME)";
				SWIFT_VERSION = 4.0;
				TARGETED_DEVICE_FAMILY = "1,2";
				TEST_TARGET_NAME = TestProject;
			};
			name = Debug;
		};
		85335D8E21BB96F600BA1B16 /* Release */ = {
			isa = XCBuildConfiguration;
			baseConfigurationReference = 2CBBB536E389F506F0D574F7 /* Pods-TestProjectUITests.release.xcconfig */;
			buildSettings = {
				ALWAYS_EMBED_SWIFT_STANDARD_LIBRARIES = YES;
				CODE_SIGN_STYLE = Automatic;
				INFOPLIST_FILE = TestProjectUITests/Info.plist;
				LD_RUNPATH_SEARCH_PATHS = "$(inherited) @executable_path/Frameworks @loader_path/Frameworks";
				PRODUCT_BUNDLE_IDENTIFIER = com.test.TestProjectUITests;
				PRODUCT_NAME = "$(TARGET_NAME)";
				SWIFT_VERSION = 4.0;
				TARGETED_DEVICE_FAMILY = "1,2";
				TEST_TARGET_NAME = TestProject;
			};
			name = Release;
		};
/* End XCBuildConfiguration section */

/* Begin XCConfigurationList section */
		85335D5621BB96F600BA1B16 /* Build configuration list for PBXProject "TestProject" */ = {
			isa = XCConfigurationList;
			buildConfigurations = (
				85335D8421BB96F600BA1B16 /* Debug */,
				85335D8521BB96F600BA1B16 /* Release */,
			);
			defaultConfigurationIsVisible = 0;
			defaultConfigurationName = Release;
		};
		85335D8621BB96F600BA1B16 /* Build configuration list for PBXNativeTarget "TestProject" */ = {
			isa = XCConfigurationList;
			buildConfigurations = (
				85335D8721BB96F600BA1B16 /* Debug */,
				85335D8821BB96F600BA1B16 /* Release */,
			);
			defaultConfigurationIsVisible = 0;
			defaultConfigurationName = Release;
		};
		85335D8921BB96F600BA1B16 /* Build configuration list for PBXNativeTarget "TestProjectTests" */ = {
			isa = XCConfigurationList;
			buildConfigurations = (
				85335D8A21BB96F600BA1B16 /* Debug */,
				85335D8B21BB96F600BA1B16 /* Release */,
			);
			defaultConfigurationIsVisible = 0;
			defaultConfigurationName = Release;
		};
		85335D8C21BB96F600BA1B16 /* Build configuration list for PBXNativeTarget "TestProjectUITests" */ = {
			isa = XCConfigurationList;
			buildConfigurations = (
				85335D8D21BB96F600BA1B16 /* Debug */,
				85335D8E21BB96F600BA1B16 /* Release */,
			);
			defaultConfigurationIsVisible = 0;
			defaultConfigurationName = Release;
		};
/* End XCConfigurationList section */

/* Begin XCVersionGroup section */
		85335D6521BB96F600BA1B16 /* TestProject.xcdatamodeld */ = {
			isa = XCVersionGroup;
			children = (
				85335D6621BB96F600BA1B16 /* TestProject.xcdatamodel */,
			);
			currentVersion = 85335D6621BB96F600BA1B16 /* TestProject.xcdatamodel */;
			path = TestProject.xcdatamodeld;
			sourceTree = "<group>";
			versionGroupType = wrapper.xcdatamodel;
		};
/* End XCVersionGroup section */
	};
	rootObject = 85335D5321BB96F600BA1B16 /* Project object */;
}
